
Microsoft Visual Studio Solution File, Format Version 12.00
# Visual Studio Version 16
VisualStudioVersion = 16.0.30804.86
MinimumVisualStudioVersion = 10.0.40219.1
Project("{FAE04EC0-301F-11D3-BF4B-00C04F79EFBC}") = "FullFidelityChangeFeedDemo", "FullFidelityChangeFeedDemo\FullFidelityChangeFeedDemo.csproj", "{FBE10C93-53FC-479C-BAD4-B1061D224858}"
EndProject
Global
	GlobalSection(SolutionConfigurationPlatforms) = preSolution
		Debug|Any CPU = Debug|Any CPU
		Release|Any CPU = Release|Any CPU
	EndGlobalSection
	GlobalSection(ProjectConfigurationPlatforms) = postSolution
		{FBE10C93-53FC-479C-BAD4-B1061D224858}.Debug|Any CPU.ActiveCfg = Debug|Any CPU
		{FBE10C93-53FC-479C-BAD4-B1061D224858}.Debug|Any CPU.Build.0 = Debug|Any CPU
		{FBE10C93-53FC-479C-BAD4-B1061D224858}.Release|Any CPU.ActiveCfg = Release|Any CPU
		{FBE10C93-53FC-479C-BAD4-B1061D224858}.Release|Any CPU.Build.0 = Release|Any CPU
	EndGlobalSection
	GlobalSection(SolutionProperties) = preSolution
		HideSolutionNode = FALSE
	EndGlobalSection
	GlobalSection(ExtensibilityGlobals) = postSolution
		SolutionGuid = {CCD30C68-DFEC-49B3-9F7B-F7CCE9746838}
	EndGlobalSection
EndGlobal
